
Microsoft Visual Studio Solution File, Format Version 12.00
# Visual Studio 15
Project("{FAE04EC0-301F-11D3-BF4B-00C04F79EFBC}") = "Assembly-CSharp", "Assembly-CSharp.csproj", "{838ABB02-D3C9-88F3-ECB8-BC0AA6D17702}"
EndProject
Project("{FAE04EC0-301F-11D3-BF4B-00C04F79EFBC}") = "Assembly-CSharp-Editor", "Assembly-CSharp-Editor.csproj", "{6ED6F262-21EF-F703-FFAA-6271B3598604}"
EndProject
Global
	GlobalSection(SolutionConfigurationPlatforms) = preSolution
		Debug|Any CPU = Debug|Any CPU
		Release|Any CPU = Release|Any CPU
	EndGlobalSection
	GlobalSection(ProjectConfigurationPlatforms) = postSolution
		{838ABB02-D3C9-88F3-ECB8-BC0AA6D17702}.Debug|Any CPU.ActiveCfg = Debug|Any CPU
		{838ABB02-D3C9-88F3-ECB8-BC0AA6D17702}.Debug|Any CPU.Build.0 = Debug|Any CPU
		{838ABB02-D3C9-88F3-ECB8-BC0AA6D17702}.Release|Any CPU.ActiveCfg = Release|Any CPU
		{838ABB02-D3C9-88F3-ECB8-BC0AA6D17702}.Release|Any CPU.Build.0 = Release|Any CPU
		{6ED6F262-21EF-F703-FFAA-6271B3598604}.Debug|Any CPU.ActiveCfg = Debug|Any CPU
		{6ED6F262-21EF-F703-FFAA-6271B3598604}.Debug|Any CPU.Build.0 = Debug|Any CPU
		{6ED6F262-21EF-F703-FFAA-6271B3598604}.Release|Any CPU.ActiveCfg = Release|Any CPU
		{6ED6F262-21EF-F703-FFAA-6271B3598604}.Release|Any CPU.Build.0 = Release|Any CPU
	EndGlobalSection
	GlobalSection(SolutionProperties) = preSolution
		HideSolutionNode = FALSE
	EndGlobalSection
EndGlobal
